
Microsoft Visual Studio Solution File, Format Version 12.00
# Visual Studio Version 16
VisualStudioVersion = 16.0.29613.14
MinimumVisualStudioVersion = 10.0.40219.1
Project("{FAE04EC0-301F-11D3-BF4B-00C04F79EFBC}") = "LuvDating", "LuvDating.csproj", "{45BB3901-AFFE-4A9A-B276-3175D00E897C}"
EndProject
Global
	GlobalSection(SolutionConfigurationPlatforms) = preSolution
		Debug|Any CPU = Debug|Any CPU
		Release|Any CPU = Release|Any CPU
	EndGlobalSection
	GlobalSection(ProjectConfigurationPlatforms) = postSolution
		{45BB3901-AFFE-4A9A-B276-3175D00E897C}.Debug|Any CPU.ActiveCfg = Debug|Any CPU
		{45BB3901-AFFE-4A9A-B276-3175D00E897C}.Debug|Any CPU.Build.0 = Debug|Any CPU
		{45BB3901-AFFE-4A9A-B276-3175D00E897C}.Release|Any CPU.ActiveCfg = Release|Any CPU
		{45BB3901-AFFE-4A9A-B276-3175D00E897C}.Release|Any CPU.Build.0 = Release|Any CPU
	EndGlobalSection
	GlobalSection(SolutionProperties) = preSolution
		HideSolutionNode = FALSE
	EndGlobalSection
	GlobalSection(ExtensibilityGlobals) = postSolution
		SolutionGuid = {5E9EAF9D-FD41-49E2-B8CF-6918AC61851C}
	EndGlobalSection
EndGlobal
